
Microsoft Visual Studio Solution File, Format Version 12.00
# Visual Studio Version 16
VisualStudioVersion = 16.0.30907.101
MinimumVisualStudioVersion = 10.0.40219.1
Project("{FAE04EC0-301F-11D3-BF4B-00C04F79EFBC}") = "POSSystem", "POSSystem.csproj", "{296BAD7E-D226-41B2-82D9-17F2838AE304}"
EndProject
Global
	GlobalSection(SolutionConfigurationPlatforms) = preSolution
		Debug|Any CPU = Debug|Any CPU
		Release|Any CPU = Release|Any CPU
	EndGlobalSection
	GlobalSection(ProjectConfigurationPlatforms) = postSolution
		{296BAD7E-D226-41B2-82D9-17F2838AE304}.Debug|Any CPU.ActiveCfg = Debug|Any CPU
		{296BAD7E-D226-41B2-82D9-17F2838AE304}.Debug|Any CPU.Build.0 = Debug|Any CPU
		{296BAD7E-D226-41B2-82D9-17F2838AE304}.Release|Any CPU.ActiveCfg = Release|Any CPU
		{296BAD7E-D226-41B2-82D9-17F2838AE304}.Release|Any CPU.Build.0 = Release|Any CPU
	EndGlobalSection
	GlobalSection(SolutionProperties) = preSolution
		HideSolutionNode = FALSE
	EndGlobalSection
	GlobalSection(ExtensibilityGlobals) = postSolution
		SolutionGuid = {D3D574E4-0586-4BDB-A270-CA1D41FE106C}
	EndGlobalSection
EndGlobal
